
Microsoft Visual Studio Solution File, Format Version 12.00
# Visual Studio Version 17
VisualStudioVersion = 17.6.33723.286
MinimumVisualStudioVersion = 10.0.40219.1
Project("{FAE04EC0-301F-11D3-BF4B-00C04F79EFBC}") = "CrudApp", "CrudApp.csproj", "{67EBA3E8-58AE-4236-B02E-76D5E0BDDA9C}"
EndProject
Global
	GlobalSection(SolutionConfigurationPlatforms) = preSolution
		Debug|Any CPU = Debug|Any CPU
		Release|Any CPU = Release|Any CPU
	EndGlobalSection
	GlobalSection(ProjectConfigurationPlatforms) = postSolution
		{67EBA3E8-58AE-4236-B02E-76D5E0BDDA9C}.Debug|Any CPU.ActiveCfg = Debug|Any CPU
		{67EBA3E8-58AE-4236-B02E-76D5E0BDDA9C}.Debug|Any CPU.Build.0 = Debug|Any CPU
		{67EBA3E8-58AE-4236-B02E-76D5E0BDDA9C}.Release|Any CPU.ActiveCfg = Release|Any CPU
		{67EBA3E8-58AE-4236-B02E-76D5E0BDDA9C}.Release|Any CPU.Build.0 = Release|Any CPU
	EndGlobalSection
	GlobalSection(SolutionProperties) = preSolution
		HideSolutionNode = FALSE
	EndGlobalSection
	GlobalSection(ExtensibilityGlobals) = postSolution
		SolutionGuid = {23DD5BFA-04D0-4AE5-B31A-0D86570C1A3D}
	EndGlobalSection
EndGlobal
